// !$*UTF8*$!
{
	archiveVersion = 1;
	classes = {
	};
	objectVersion = 50;
	objects = {

/* Begin PBXBuildFile section */
		6EC0473B8BD4BB3370B32984 /* Pods_MyVPAIRFinal.framework in Frameworks */ = {isa = PBXBuildFile; fileRef = 551AC2DC96BF1D87F0263A76 /* Pods_MyVPAIRFinal.framework */; };
		7103A68720C2AE6B00A8A8B0 /* MechanicTableViewController.swift in Sources */ = {isa = PBXBuildFile; fileRef = 7103A68620C2AE6B00A8A8B0 /* MechanicTableViewController.swift */; };
		7103A68920C2BF0800A8A8B0 /* AcceptRequestViewController.swift in Sources */ = {isa = PBXBuildFile; fileRef = 7103A68820C2BF0800A8A8B0 /* AcceptRequestViewController.swift */; };
		7138F82C20CC58D500EBA81F /* Constants.swift in Sources */ = {isa = PBXBuildFile; fileRef = 7138F82B20CC58D500EBA81F /* Constants.swift */; };
		71834C0E20C7FE31009C26B7 /* william-494556-unsplash.jpg in Resources */ = {isa = PBXBuildFile; fileRef = 71834C0D20C7FE31009C26B7 /* william-494556-unsplash.jpg */; };
		7187A24120C16DA7001B47E2 /* AppDelegate.swift in Sources */ = {isa = PBXBuildFile; fileRef = 7187A24020C16DA7001B47E2 /* AppDelegate.swift */; };
		7187A24320C16DA7001B47E2 /* ViewController.swift in Sources */ = {isa = PBXBuildFile; fileRef = 7187A24220C16DA7001B47E2 /* ViewController.swift */; };
		7187A24620C16DA7001B47E2 /* Main.storyboard in Resources */ = {isa = PBXBuildFile; fileRef = 7187A24420C16DA7001B47E2 /* Main.storyboard */; };
		7187A24820C16DA9001B47E2 /* Assets.xcassets in Resources */ = {isa = PBXBuildFile; fileRef = 7187A24720C16DA9001B47E2 /* Assets.xcassets */; };
		7187A24B20C16DA9001B47E2 /* LaunchScreen.storyboard in Resources */ = {isa = PBXBuildFile; fileRef = 7187A24920C16DA9001B47E2 /* LaunchScreen.storyboard */; };
		7187A25320C1722B001B47E2 /* GoogleService-Info.plist in Resources */ = {isa = PBXBuildFile; fileRef = 7187A25220C1722A001B47E2 /* GoogleService-Info.plist */; };
		71C8F7AF20C19C12009A1842 /* CustomerViewController.swift in Sources */ = {isa = PBXBuildFile; fileRef = 71C8F7AE20C19C12009A1842 /* CustomerViewController.swift */; };
/* End PBXBuildFile section */

/* Begin PBXFileReference section */
		3C3ECCAAE905FD58BFF8384B /* Pods-MyVPAIRFinal.release.xcconfig */ = {isa = PBXFileReference; includeInIndex = 1; lastKnownFileType = text.xcconfig; name = "Pods-MyVPAIRFinal.release.xcconfig"; path = "Pods/Target Support Files/Pods-MyVPAIRFinal/Pods-MyVPAIRFinal.release.xcconfig"; sourceTree = "<group>"; };
		525B8236D3AAD05BB118EA18 /* Pods-MyVPAIRFinal.debug.xcconfig */ = {isa = PBXFileReference; includeInIndex = 1; lastKnownFileType = text.xcconfig; name = "Pods-MyVPAIRFinal.debug.xcconfig"; path = "Pods/Target Support Files/Pods-MyVPAIRFinal/Pods-MyVPAIRFinal.debug.xcconfig"; sourceTree = "<group>"; };
		551AC2DC96BF1D87F0263A76 /* Pods_MyVPAIRFinal.framework */ = {isa = PBXFileReference; explicitFileType = wrapper.framework; includeInIndex = 0; path = Pods_MyVPAIRFinal.framework; sourceTree = BUILT_PRODUCTS_DIR; };
		7103A68620C2AE6B00A8A8B0 /* MechanicTableViewController.swift */ = {isa = PBXFileReference; lastKnownFileType = sourcecode.swift; path = MechanicTableViewController.swift; sourceTree = "<group>"; };
		7103A68820C2BF0800A8A8B0 /* AcceptRequestViewController.swift */ = {isa = PBXFileReference; lastKnownFileType = sourcecode.swift; path = AcceptRequestViewController.swift; sourceTree = "<group>"; };
		7138F82B20CC58D500EBA81F /* Constants.swift */ = {isa = PBXFileReference; lastKnownFileType = sourcecode.swift; path = Constants.swift; sourceTree = "<group>"; };
		71834C0D20C7FE31009C26B7 /* william-494556-unsplash.jpg */ = {isa = PBXFileReference; lastKnownFileType = image.jpeg; path = "william-494556-unsplash.jpg"; sourceTree = "<group>"; };
		7187A23D20C16DA7001B47E2 /* MyVPAIRFinal.app */ = {isa = PBXFileReference; explicitFileType = wrapper.application; includeInIndex = 0; path = MyVPAIRFinal.app; sourceTree = BUILT_PRODUCTS_DIR; };
		7187A24020C16DA7001B47E2 /* AppDelegate.swift */ = {isa = PBXFileReference; lastKnownFileType = sourcecode.swift; path = AppDelegate.swift; sourceTree = "<group>"; };
		7187A24220C16DA7001B47E2 /* ViewController.swift */ = {isa = PBXFileReference; lastKnownFileType = sourcecode.swift; path = ViewController.swift; sourceTree = "<group>"; };
		7187A24520C16DA7001B47E2 /* Base */ = {isa = PBXFileReference; lastKnownFileType = file.storyboard; name = Base; path = Base.lproj/Main.storyboard; sourceTree = "<group>"; };
		7187A24720C16DA9001B47E2 /* Assets.xcassets */ = {isa = PBXFileReference; lastKnownFileType = folder.assetcatalog; path = Assets.xcassets; sourceTree = "<group>"; };
		7187A24A20C16DA9001B47E2 /* Base */ = {isa = PBXFileReference; lastKnownFileType = file.storyboard; name = Base; path = Base.lproj/LaunchScreen.storyboard; sourceTree = "<group>"; };
		7187A24C20C16DA9001B47E2 /* Info.plist */ = {isa = PBXFileReference; lastKnownFileType = text.plist.xml; path = Info.plist; sourceTree = "<group>"; };
		7187A25220C1722A001B47E2 /* GoogleService-Info.plist */ = {isa = PBXFileReference; fileEncoding = 4; lastKnownFileType = text.plist.xml; path = "GoogleService-Info.plist"; sourceTree = "<group>"; };
		71C8F7AE20C19C12009A1842 /* CustomerViewController.swift */ = {isa = PBXFileReference; lastKnownFileType = sourcecode.swift; path = CustomerViewController.swift; sourceTree = "<group>"; };
/* End PBXFileReference section */

/* Begin PBXFrameworksBuildPhase section */
		7187A23A20C16DA7001B47E2 /* Frameworks */ = {
			isa = PBXFrameworksBuildPhase;
			buildActionMask = 2147483647;
			files = (
				6EC0473B8BD4BB3370B32984 /* Pods_MyVPAIRFinal.framework in Frameworks */,
			);
			runOnlyForDeploymentPostprocessing = 0;
		};
/* End PBXFrameworksBuildPhase section */

/* Begin PBXGroup section */
		1561BA41629C6F0E5BC79334 /* Frameworks */ = {
			isa = PBXGroup;
			children = (
				551AC2DC96BF1D87F0263A76 /* Pods_MyVPAIRFinal.framework */,
			);
			name = Frameworks;
			sourceTree = "<group>";
		};
		7187A23420C16DA7001B47E2 = {
			isa = PBXGroup;
			children = (
				7187A23F20C16DA7001B47E2 /* MyVPAIRFinal */,
				7187A23E20C16DA7001B47E2 /* Products */,
				FC35450681942B8E5F622A17 /* Pods */,
				1561BA41629C6F0E5BC79334 /* Frameworks */,
			);
			sourceTree = "<group>";
		};
		7187A23E20C16DA7001B47E2 /* Products */ = {
			isa = PBXGroup;
			children = (
				7187A23D20C16DA7001B47E2 /* MyVPAIRFinal.app */,
			);
			name = Products;
			sourceTree = "<group>";
		};
		7187A23F20C16DA7001B47E2 /* MyVPAIRFinal */ = {
			isa = PBXGroup;
			children = (
				7187A24020C16DA7001B47E2 /* AppDelegate.swift */,
				7187A24220C16DA7001B47E2 /* ViewController.swift */,
				7187A24420C16DA7001B47E2 /* Main.storyboard */,
				7187A24720C16DA9001B47E2 /* Assets.xcassets */,
				7187A24920C16DA9001B47E2 /* LaunchScreen.storyboard */,
				7187A24C20C16DA9001B47E2 /* Info.plist */,
				7187A25220C1722A001B47E2 /* GoogleService-Info.plist */,
				71C8F7AE20C19C12009A1842 /* CustomerViewController.swift */,
				7103A68620C2AE6B00A8A8B0 /* MechanicTableViewController.swift */,
				7103A68820C2BF0800A8A8B0 /* AcceptRequestViewController.swift */,
				71834C0D20C7FE31009C26B7 /* william-494556-unsplash.jpg */,
				7138F82B20CC58D500EBA81F /* Constants.swift */,
			);
			path = MyVPAIRFinal;
			sourceTree = "<group>";
		};
		FC35450681942B8E5F622A17 /* Pods */ = {
			isa = PBXGroup;
			children = (
				525B8236D3AAD05BB118EA18 /* Pods-MyVPAIRFinal.debug.xcconfig */,
				3C3ECCAAE905FD58BFF8384B /* Pods-MyVPAIRFinal.release.xcconfig */,
			);
			name = Pods;
			sourceTree = "<group>";
		};
/* End PBXGroup section */

/* Begin PBXNativeTarget section */
		7187A23C20C16DA7001B47E2 /* MyVPAIRFinal */ = {
			isa = PBXNativeTarget;
			buildConfigurationList = 7187A24F20C16DA9001B47E2 /* Build configuration list for PBXNativeTarget "MyVPAIRFinal" */;
			buildPhases = (
				21F55268818E40B92266B477 /* [CP] Check Pods Manifest.lock */,
				7187A23920C16DA7001B47E2 /* Sources */,
				7187A23A20C16DA7001B47E2 /* Frameworks */,
				7187A23B20C16DA7001B47E2 /* Resources */,
				D1A1693E9D7B395AF79FEFE5 /* [CP] Embed Pods Frameworks */,
			);
			buildRules = (
			);
			dependencies = (
			);
			name = MyVPAIRFinal;
			productName = MyVPAIRFinal;
			productReference = 7187A23D20C16DA7001B47E2 /* MyVPAIRFinal.app */;
			productType = "com.apple.product-type.application";
		};
/* End PBXNativeTarget section */

/* Begin PBXProject section */
		7187A23520C16DA7001B47E2 /* Project object */ = {
			isa = PBXProject;
			attributes = {
				LastSwiftUpdateCheck = 0930;
				LastUpgradeCheck = 0930;
				ORGANIZATIONNAME = "Swati Singh";
				TargetAttributes = {
					7187A23C20C16DA7001B47E2 = {
						CreatedOnToolsVersion = 9.3.1;
					};
				};
			};
			buildConfigurationList = 7187A23820C16DA7001B47E2 /* Build configuration list for PBXProject "MyVPAIRFinal" */;
			compatibilityVersion = "Xcode 9.3";
			developmentRegion = en;
			hasScannedForEncodings = 0;
			knownRegions = (
				en,
				Base,
			);
			mainGroup = 7187A23420C16DA7001B47E2;
			productRefGroup = 7187A23E20C16DA7001B47E2 /* Products */;
			projectDirPath = "";
			projectRoot = "";
			targets = (
				7187A23C20C16DA7001B47E2 /* MyVPAIRFinal */,
			);
		};
/* End PBXProject section */

/* Begin PBXResourcesBuildPhase section */
		7187A23B20C16DA7001B47E2 /* Resources */ = {
			isa = PBXResourcesBuildPhase;
			buildActionMask = 2147483647;
			files = (
				7187A24B20C16DA9001B47E2 /* LaunchScreen.storyboard in Resources */,
				71834C0E20C7FE31009C26B7 /* william-494556-unsplash.jpg in Resources */,
				7187A24820C16DA9001B47E2 /* Assets.xcassets in Resources */,
				7187A24620C16DA7001B47E2 /* Main.storyboard in Resources */,
				7187A25320C1722B001B47E2 /* GoogleService-Info.plist in Resources */,
			);
			runOnlyForDeploymentPostprocessing = 0;
		};
/* End PBXResourcesBuildPhase section */

/* Begin PBXShellScriptBuildPhase section */
		21F55268818E40B92266B477 /* [CP] Check Pods Manifest.lock */ = {
			isa = PBXShellScriptBuildPhase;
			buildActionMask = 2147483647;
			files = (
			);
			inputPaths = (
				"${PODS_PODFILE_DIR_PATH}/Podfile.lock",
				"${PODS_ROOT}/Manifest.lock",
			);
			name = "[CP] Check Pods Manifest.lock";
			outputPaths = (
				"$(DERIVED_FILE_DIR)/Pods-MyVPAIRFinal-checkManifestLockResult.txt",
			);
			runOnlyForDeploymentPostprocessing = 0;
			shellPath = /bin/sh;
			shellScript = "diff \"${PODS_PODFILE_DIR_PATH}/Podfile.lock\" \"${PODS_ROOT}/Manifest.lock\" > /dev/null\nif [ $? != 0 ] ; then\n    # print error to STDERR\n    echo \"error: The sandbox is not in sync with the Podfile.lock. Run 'pod install' or update your CocoaPods installation.\" >&2\n    exit 1\nfi\n# This output is used by Xcode 'outputs' to avoid re-running this script phase.\necho \"SUCCESS\" > \"${SCRIPT_OUTPUT_FILE_0}\"\n";
			showEnvVarsInLog = 0;
		};
		D1A1693E9D7B395AF79FEFE5 /* [CP] Embed Pods Frameworks */ = {
			isa = PBXShellScriptBuildPhase;
			buildActionMask = 2147483647;
			files = (
			);
			inputPaths = (
				"${SRCROOT}/Pods/Target Support Files/Pods-MyVPAIRFinal/Pods-MyVPAIRFinal-frameworks.sh",
				"${BUILT_PRODUCTS_DIR}/GTMSessionFetcher/GTMSessionFetcher.framework",
				"${BUILT_PRODUCTS_DIR}/GoogleToolboxForMac/GoogleToolboxForMac.framework",
				"${BUILT_PRODUCTS_DIR}/leveldb-library/leveldb.framework",
				"${BUILT_PRODUCTS_DIR}/nanopb/nanopb.framework",
			);
			name = "[CP] Embed Pods Frameworks";
			outputPaths = (
				"${TARGET_BUILD_DIR}/${FRAMEWORKS_FOLDER_PATH}/GTMSessionFetcher.framework",
				"${TARGET_BUILD_DIR}/${FRAMEWORKS_FOLDER_PATH}/GoogleToolboxForMac.framework",
				"${TARGET_BUILD_DIR}/${FRAMEWORKS_FOLDER_PATH}/leveldb.framework",
				"${TARGET_BUILD_DIR}/${FRAMEWORKS_FOLDER_PATH}/nanopb.framework",
			);
			runOnlyForDeploymentPostprocessing = 0;
			shellPath = /bin/sh;
			shellScript = "\"${SRCROOT}/Pods/Target Support Files/Pods-MyVPAIRFinal/Pods-MyVPAIRFinal-frameworks.sh\"\n";
			showEnvVarsInLog = 0;
		};
/* End PBXShellScriptBuildPhase section */

/* Begin PBXSourcesBuildPhase section */
		7187A23920C16DA7001B47E2 /* Sources */ = {
			isa = PBXSourcesBuildPhase;
			buildActionMask = 2147483647;
			files = (
				71C8F7AF20C19C12009A1842 /* CustomerViewController.swift in Sources */,
				7103A68720C2AE6B00A8A8B0 /* MechanicTableViewController.swift in Sources */,
				7187A24320C16DA7001B47E2 /* ViewController.swift in Sources */,
				7187A24120C16DA7001B47E2 /* AppDelegate.swift in Sources */,
				7103A68920C2BF0800A8A8B0 /* AcceptRequestViewController.swift in Sources */,
				7138F82C20CC58D500EBA81F /* Constants.swift in Sources */,
			);
			runOnlyForDeploymentPostprocessing = 0;
		};
/* End PBXSourcesBuildPhase section */

/* Begin PBXVariantGroup section */
		7187A24420C16DA7001B47E2 /* Main.storyboard */ = {
			isa = PBXVariantGroup;
			children = (
				7187A24520C16DA7001B47E2 /* Base */,
			);
			name = Main.storyboard;
			sourceTree = "<group>";
		};
		7187A24920C16DA9001B47E2 /* LaunchScreen.storyboard */ = {
			isa = PBXVariantGroup;
			children = (
				7187A24A20C16DA9001B47E2 /* Base */,
			);
			name = LaunchScreen.storyboard;
			sourceTree = "<group>";
		};
/* End PBXVariantGroup section */

/* Begin XCBuildConfiguration section */
		7187A24D20C16DA9001B47E2 /* Debug */ = {
			isa = XCBuildConfiguration;
			buildSettings = {
				ALWAYS_SEARCH_USER_PATHS = NO;
				CLANG_ANALYZER_NONNULL = YES;
				CLANG_ANALYZER_NUMBER_OBJECT_CONVERSION = YES_AGGRESSIVE;
				CLANG_CXX_LANGUAGE_STANDARD = "gnu++14";
				CLANG_CXX_LIBRARY = "libc++";
				CLANG_ENABLE_MODULES = YES;
				CLANG_ENABLE_OBJC_ARC = YES;
				CLANG_ENABLE_OBJC_WEAK = YES;
				CLANG_WARN_BLOCK_CAPTURE_AUTORELEASING = YES;
				CLANG_WARN_BOOL_CONVERSION = YES;
				CLANG_WARN_COMMA = YES;
				CLANG_WARN_CONSTANT_CONVERSION = YES;
				CLANG_WARN_DEPRECATED_OBJC_IMPLEMENTATIONS = YES;
				CLANG_WARN_DIRECT_OBJC_ISA_USAGE = YES_ERROR;
				CLANG_WARN_DOCUMENTATION_COMMENTS = YES;
				CLANG_WARN_EMPTY_BODY = YES;
				CLANG_WARN_ENUM_CONVERSION = YES;
				CLANG_WARN_INFINITE_RECURSION = YES;
				CLANG_WARN_INT_CONVERSION = YES;
				CLANG_WARN_NON_LITERAL_NULL_CONVERSION = YES;
				CLANG_WARN_OBJC_IMPLICIT_RETAIN_SELF = YES;
				CLANG_WARN_OBJC_LITERAL_CONVERSION = YES;
				CLANG_WARN_OBJC_ROOT_CLASS = YES_ERROR;
				CLANG_WARN_RANGE_LOOP_ANALYSIS = YES;
				CLANG_WARN_STRICT_PROTOTYPES = YES;
				CLANG_WARN_SUSPICIOUS_MOVE = YES;
				CLANG_WARN_UNGUARDED_AVAILABILITY = YES_AGGRESSIVE;
				CLANG_WARN_UNREACHABLE_CODE = YES;
				CLANG_WARN__DUPLICATE_METHOD_MATCH = YES;
				CODE_SIGN_IDENTITY = "iPhone Developer";
				COPY_PHASE_STRIP = NO;
				DEBUG_INFORMATION_FORMAT = dwarf;
				ENABLE_STRICT_OBJC_MSGSEND = YES;
				ENABLE_TESTABILITY = YES;
				GCC_C_LANGUAGE_STANDARD = gnu11;
				GCC_DYNAMIC_NO_PIC = NO;
				GCC_NO_COMMON_BLOCKS = YES;
				GCC_OPTIMIZATION_LEVEL = 0;
				GCC_PREPROCESSOR_DEFINITIONS = (
					"DEBUG=1",
					"$(inherited)",
				);
				GCC_WARN_64_TO_32_BIT_CONVERSION = YES;
				GCC_WARN_ABOUT_RETURN_TYPE = YES_ERROR;
				GCC_WARN_UNDECLARED_SELECTOR = YES;
				GCC_WARN_UNINITIALIZED_AUTOS = YES_AGGRESSIVE;
				GCC_WARN_UNUSED_FUNCTION = YES;
				GCC_WARN_UNUSED_VARIABLE = YES;
				IPHONEOS_DEPLOYMENT_TARGET = 11.3;
				MTL_ENABLE_DEBUG_INFO = YES;
				ONLY_ACTIVE_ARCH = YES;
				SDKROOT = iphoneos;
				SWIFT_ACTIVE_COMPILATION_CONDITIONS = DEBUG;
				SWIFT_OPTIMIZATION_LEVEL = "-Onone";
			};
			name = Debug;
		};
		7187A24E20C16DA9001B47E2 /* Release */ = {
			isa = XCBuildConfiguration;
			buildSettings = {
				ALWAYS_SEARCH_USER_PATHS = NO;
				CLANG_ANALYZER_NONNULL = YES;
				CLANG_ANALYZER_NUMBER_OBJECT_CONVERSION = YES_AGGRESSIVE;
				CLANG_CXX_LANGUAGE_STANDARD = "gnu++14";
				CLANG_CXX_LIBRARY = "libc++";
				CLANG_ENABLE_MODULES = YES;
				CLANG_ENABLE_OBJC_ARC = YES;
				CLANG_ENABLE_OBJC_WEAK = YES;
				CLANG_WARN_BLOCK_CAPTURE_AUTORELEASING = YES;
				CLANG_WARN_BOOL_CONVERSION = YES;
				CLANG_WARN_COMMA = YES;
				CLANG_WARN_CONSTANT_CONVERSION = YES;
				CLANG_WARN_DEPRECATED_OBJC_IMPLEMENTATIONS = YES;
				CLANG_WARN_DIRECT_OBJC_ISA_USAGE = YES_ERROR;
				CLANG_WARN_DOCUMENTATION_COMMENTS = YES;
				CLANG_WARN_EMPTY_BODY = YES;
				CLANG_WARN_ENUM_CONVERSION = YES;
				CLANG_WARN_INFINITE_RECURSION = YES;
				CLANG_WARN_INT_CONVERSION = YES;
				CLANG_WARN_NON_LITERAL_NULL_CONVERSION = YES;
				CLANG_WARN_OBJC_IMPLICIT_RETAIN_SELF = YES;
				CLANG_WARN_OBJC_LITERAL_CONVERSION = YES;
				CLANG_WARN_OBJC_ROOT_CLASS = YES_ERROR;
				CLANG_WARN_RANGE_LOOP_ANALYSIS = YES;
				CLANG_WARN_STRICT_PROTOTYPES = YES;
				CLANG_WARN_SUSPICIOUS_MOVE = YES;
				CLANG_WARN_UNGUARDED_AVAILABILITY = YES_AGGRESSIVE;
				CLANG_WARN_UNREACHABLE_CODE = YES;
				CLANG_WARN__DUPLICATE_METHOD_MATCH = YES;
				CODE_SIGN_IDENTITY = "iPhone Developer";
				COPY_PHASE_STRIP = NO;
				DEBUG_INFORMATION_FORMAT = "dwarf-with-dsym";
				ENABLE_NS_ASSERTIONS = NO;
				ENABLE_STRICT_OBJC_MSGSEND = YES;
				GCC_C_LANGUAGE_STANDARD = gnu11;
				GCC_NO_COMMON_BLOCKS = YES;
				GCC_WARN_64_TO_32_BIT_CONVERSION = YES;
				GCC_WARN_ABOUT_RETURN_TYPE = YES_ERROR;
				GCC_WARN_UNDECLARED_SELECTOR = YES;
				GCC_WARN_UNINITIALIZED_AUTOS = YES_AGGRESSIVE;
				GCC_WARN_UNUSED_FUNCTION = YES;
				GCC_WARN_UNUSED_VARIABLE = YES;
				IPHONEOS_DEPLOYMENT_TARGET = 11.3;
				MTL_ENABLE_DEBUG_INFO = NO;
				SDKROOT = iphoneos;
				SWIFT_COMPILATION_MODE = wholemodule;
				SWIFT_OPTIMIZATION_LEVEL = "-O";
				VALIDATE_PRODUCT = YES;
			};
			name = Release;
		};
		7187A25020C16DA9001B47E2 /* Debug */ = {
			isa = XCBuildConfiguration;
			baseConfigurationReference = 525B8236D3AAD05BB118EA18 /* Pods-MyVPAIRFinal.debug.xcconfig */;
			buildSettings = {
				ASSETCATALOG_COMPILER_APPICON_NAME = AppIcon;
				CODE_SIGN_STYLE = Automatic;
				INFOPLIST_FILE = MyVPAIRFinal/Info.plist;
				LD_RUNPATH_SEARCH_PATHS = (
					"$(inherited)",
					"@executable_path/Frameworks",
				);
				PRODUCT_BUNDLE_IDENTIFIER = com.Swat.MyVPAIRFinal;
				PRODUCT_NAME = "$(TARGET_NAME)";
				SWIFT_VERSION = 4.0;
				TARGETED_DEVICE_FAMILY = "1,2";
			};
			name = Debug;
		};
		7187A25120C16DA9001B47E2 /* Release */ = {
			isa = XCBuildConfiguration;
			baseConfigurationReference = 3C3ECCAAE905FD58BFF8384B /* Pods-MyVPAIRFinal.release.xcconfig */;
			buildSettings = {
				ASSETCATALOG_COMPILER_APPICON_NAME = AppIcon;
				CODE_SIGN_STYLE = Automatic;
				INFOPLIST_FILE = MyVPAIRFinal/Info.plist;
				LD_RUNPATH_SEARCH_PATHS = (
					"$(inherited)",
					"@executable_path/Frameworks",
				);
				PRODUCT_BUNDLE_IDENTIFIER = com.Swat.MyVPAIRFinal;
				PRODUCT_NAME = "$(TARGET_NAME)";
				SWIFT_VERSION = 4.0;
				TARGETED_DEVICE_FAMILY = "1,2";
			};
			name = Release;
		};
/* End XCBuildConfiguration section */

/* Begin XCConfigurationList section */
		7187A23820C16DA7001B47E2 /* Build configuration list for PBXProject "MyVPAIRFinal" */ = {
			isa = XCConfigurationList;
			buildConfigurations = (
				7187A24D20C16DA9001B47E2 /* Debug */,
				7187A24E20C16DA9001B47E2 /* Release */,
			);
			defaultConfigurationIsVisible = 0;
			defaultConfigurationName = Release;
		};
		7187A24F20C16DA9001B47E2 /* Build configuration list for PBXNativeTarget "MyVPAIRFinal" */ = {
			isa = XCConfigurationList;
			buildConfigurations = (
				7187A25020C16DA9001B47E2 /* Debug */,
				7187A25120C16DA9001B47E2 /* Release */,
			);
			defaultConfigurationIsVisible = 0;
			defaultConfigurationName = Release;
		};
/* End XCConfigurationList section */
	};
	rootObject = 7187A23520C16DA7001B47E2 /* Project object */;
}
